
Microsoft Visual Studio Solution File, Format Version 12.00
# Visual Studio Version 16
VisualStudioVersion = 16.0.31829.152
MinimumVisualStudioVersion = 10.0.40219.1
Project("{FAE04EC0-301F-11D3-BF4B-00C04F79EFBC}") = "EmpresaCliente", "EmpresaCliente.csproj", "{ECFBA996-9CCB-40C3-B3A3-F2B4EEE8620B}"
EndProject
Global
	GlobalSection(SolutionConfigurationPlatforms) = preSolution
		Debug|Any CPU = Debug|Any CPU
		Release|Any CPU = Release|Any CPU
	EndGlobalSection
	GlobalSection(ProjectConfigurationPlatforms) = postSolution
		{ECFBA996-9CCB-40C3-B3A3-F2B4EEE8620B}.Debug|Any CPU.ActiveCfg = Debug|Any CPU
		{ECFBA996-9CCB-40C3-B3A3-F2B4EEE8620B}.Debug|Any CPU.Build.0 = Debug|Any CPU
		{ECFBA996-9CCB-40C3-B3A3-F2B4EEE8620B}.Release|Any CPU.ActiveCfg = Release|Any CPU
		{ECFBA996-9CCB-40C3-B3A3-F2B4EEE8620B}.Release|Any CPU.Build.0 = Release|Any CPU
	EndGlobalSection
	GlobalSection(SolutionProperties) = preSolution
		HideSolutionNode = FALSE
	EndGlobalSection
	GlobalSection(ExtensibilityGlobals) = postSolution
		SolutionGuid = {11CBE4A7-961F-42B8-BC11-E54DAC259AFD}
	EndGlobalSection
EndGlobal
